# This file is automatically @generated by Poetry 1.6.1 and should not be changed by hand.

[[package]]
name = "ping3"
version = "4.0.4"
description = "A pure python3 version of ICMP ping implementation using raw socket."
optional = false
python-versions = ">=3"
files = [
    {file = "ping3-4.0.4-py3-none-any.whl", hash = "sha256:dd8439ced69d6fec5885c8d4faefb055aacffb5a20f5e38a78459a5b18cc5e5a"},
    {file = "ping3-4.0.4.tar.gz", hash = "sha256:1ea12acf6752d4666616341fd7c6393c664cffc510c693ef06f736fb267a13ba"},
]

[package.extras]
dev = ["build", "pycodestyle", "wheel"]

[[package]]
name = "scapy"
version = "2.5.0"
description = "Scapy: interactive packet manipulation tool"
optional = false
python-versions = ">=2.7, !=3.0.*, !=3.1.*, !=3.2.*, !=3.3.*, <4"
files = [
    {file = "scapy-2.5.0.tar.gz", hash = "sha256:5b260c2b754fd8d409ba83ee7aee294ecdbb2c235f9f78fe90bc11cb6e5debc2"},
]

[package.extras]
basic = ["ipython"]
complete = ["cryptography (>=2.0)", "ipython", "matplotlib", "pyx"]
docs = ["sphinx (>=3.0.0)", "sphinx_rtd_theme (>=0.4.3)", "tox (>=3.0.0)"]

[metadata]
lock-version = "2.0"
python-versions = "^3.11"
content-hash = "9d475ecb179c79bcd4e318a6ac04e3d60131b7e5764f75012d51228499e21496"
